
Microsoft Visual Studio Solution File, Format Version 12.00
# Visual Studio Version 18
VisualStudioVersion = 18.2.11415.280 d18.0
MinimumVisualStudioVersion = 10.0.40219.1
Project("{FAE04EC0-301F-11D3-BF4B-00C04F79EFBC}") = "ItemStacks", "ItemStacks\ItemStacks.csproj", "{B9020F6F-C5EA-4F1A-A114-AD1A1FE1F44C}"
EndProject
Global
	GlobalSection(SolutionConfigurationPlatforms) = preSolution
		Debug|Any CPU = Debug|Any CPU
		Local|Any CPU = Local|Any CPU
		Release|Any CPU = Release|Any CPU
	EndGlobalSection
	GlobalSection(ProjectConfigurationPlatforms) = postSolution
		{B9020F6F-C5EA-4F1A-A114-AD1A1FE1F44C}.Debug|Any CPU.ActiveCfg = Debug|Any CPU
		{B9020F6F-C5EA-4F1A-A114-AD1A1FE1F44C}.Debug|Any CPU.Build.0 = Debug|Any CPU
		{B9020F6F-C5EA-4F1A-A114-AD1A1FE1F44C}.Local|Any CPU.ActiveCfg = Local|Any CPU
		{B9020F6F-C5EA-4F1A-A114-AD1A1FE1F44C}.Local|Any CPU.Build.0 = Local|Any CPU
		{B9020F6F-C5EA-4F1A-A114-AD1A1FE1F44C}.Release|Any CPU.ActiveCfg = Release|Any CPU
		{B9020F6F-C5EA-4F1A-A114-AD1A1FE1F44C}.Release|Any CPU.Build.0 = Release|Any CPU
	EndGlobalSection
	GlobalSection(SolutionProperties) = preSolution
		HideSolutionNode = FALSE
	EndGlobalSection
	GlobalSection(ExtensibilityGlobals) = postSolution
		SolutionGuid = {D392FC15-1B00-4F63-810B-B02CA49FB94E}
	EndGlobalSection
EndGlobal
